
Microsoft Visual Studio Solution File, Format Version 12.00
# Visual Studio Version 16
VisualStudioVersion = 16.0.29009.5
MinimumVisualStudioVersion = 10.0.40219.1
Project("{FAE04EC0-301F-11D3-BF4B-00C04F79EFBC}") = "RESTclientPautova", "RESTclientPautova\RESTclientPautova.csproj", "{B90AFC9C-0925-4906-818A-9C1D54DB5FE4}"
EndProject
Global
	GlobalSection(SolutionConfigurationPlatforms) = preSolution
		Debug|Any CPU = Debug|Any CPU
		Release|Any CPU = Release|Any CPU
	EndGlobalSection
	GlobalSection(ProjectConfigurationPlatforms) = postSolution
		{B90AFC9C-0925-4906-818A-9C1D54DB5FE4}.Debug|Any CPU.ActiveCfg = Debug|Any CPU
		{B90AFC9C-0925-4906-818A-9C1D54DB5FE4}.Debug|Any CPU.Build.0 = Debug|Any CPU
		{B90AFC9C-0925-4906-818A-9C1D54DB5FE4}.Release|Any CPU.ActiveCfg = Release|Any CPU
		{B90AFC9C-0925-4906-818A-9C1D54DB5FE4}.Release|Any CPU.Build.0 = Release|Any CPU
	EndGlobalSection
	GlobalSection(SolutionProperties) = preSolution
		HideSolutionNode = FALSE
	EndGlobalSection
	GlobalSection(ExtensibilityGlobals) = postSolution
		SolutionGuid = {4B3335B0-5B37-4899-92DB-56F1C2DDCC01}
	EndGlobalSection
EndGlobal
